<?xml version="1.0" encoding="utf-8"?>
<Project ToolsVersion="4.0" xmlns="http://schemas.microsoft.com/developer/msbuild/2003">
  <ItemGroup>
    <Filter Include="TextView">
      <UniqueIdentifier>{e0c88b8e-b27a-4ca0-b69c-c0a8f57e5d53}</UniqueIdentifier>
    </Filter>
    <Filter Include="TextEdit">
      <UniqueIdentifier>{aee8ffd2-ac89-4bf5-8820-20e5b4ce6f6c}</UniqueIdentifier>
    </Filter>
    <Filter Include="TextStyle">
      <UniqueIdentifier>{9dfcb392-4b14-493f-a2e1-050ade9e56be}</UniqueIdentifier>
    </Filter>
    <Filter Include="TextView\Simple">
      <UniqueIdentifier>{442a9c44-af1c-4bdc-b9d7-8ee5b13108f5}</UniqueIdentifier>
    </Filter>
    <Filter Include="TextView\Uniscribe">
      <UniqueIdentifier>{cd860aa2-4fc4-44f3-b500-46f7271c0579}</UniqueIdentifier>
    </Filter>
    <Filter Include="Tests">
      <UniqueIdentifier>{2dd1b87f-2fbf-4c3d-9da7-f1ee81a0c4f5}</UniqueIdentifier>
    </Filter>
    <Filter Include="Annotators">
      <UniqueIdentifier>{4cb6e6d6-fa87-454c-b469-c90089c3073c}</UniqueIdentifier>
    </Filter>
    <Filter Include="Annotators\Textmate">
      <UniqueIdentifier>{7e76a81f-193d-4f3a-9b8c-7b753b4a805c}</UniqueIdentifier>
    </Filter>
    <Filter Include="External">
      <UniqueIdentifier>{7781d429-c502-497e-a503-348d787922e4}</UniqueIdentifier>
    </Filter>
    <Filter Include="External\rapidxml">
      <UniqueIdentifier>{1471a63e-78a2-4dad-97b7-8e18a242f4e4}</UniqueIdentifier>
    </Filter>
    <Filter Include="Basics">
      <UniqueIdentifier>{3f665982-b863-468d-afd5-8556b63bddc0}</UniqueIdentifier>
    </Filter>
    <Filter Include="Document">
      <UniqueIdentifier>{3e23faf4-05a2-44fd-9346-1ad100ab3ac1}</UniqueIdentifier>
    </Filter>
  </ItemGroup>
  <ItemGroup>
    <ClCompile Include="TextSelection.cpp">
      <Filter>TextView</Filter>
    </ClCompile>
    <ClCompile Include="TextEdit.cpp">
      <Filter>TextEdit</Filter>
    </ClCompile>
    <ClCompile Include="main.cpp" />
    <ClCompile Include="TextStyle.cpp">
      <Filter>TextStyle</Filter>
    </ClCompile>
    <ClCompile Include="VisualPainter.cpp">
      <Filter>TextView</Filter>
    </ClCompile>
    <ClCompile Include="VisualDocument.cpp">
      <Filter>TextView</Filter>
    </ClCompile>
    <ClCompile Include="TextFont.cpp">
      <Filter>TextStyle</Filter>
    </ClCompile>
    <ClCompile Include="SimpleTextBlock.cpp">
      <Filter>TextView\Simple</Filter>
    </ClCompile>
    <ClCompile Include="SimpleLayout.cpp">
      <Filter>TextView\Simple</Filter>
    </ClCompile>
    <ClCompile Include="EmptyTextBlock.cpp">
      <Filter>TextView</Filter>
    </ClCompile>
    <ClCompile Include="TextBlock.cpp">
      <Filter>TextView</Filter>
    </ClCompile>
    <ClCompile Include="TextView.cpp">
      <Filter>TextEdit</Filter>
    </ClCompile>
    <ClCompile Include="TextViewMetrics.cpp">
      <Filter>TextEdit</Filter>
    </ClCompile>
    <ClCompile Include="SimpleLayoutData.cpp">
      <Filter>TextView\Simple</Filter>
    </ClCompile>
    <ClCompile Include="SimpleTextRun.cpp">
      <Filter>TextView\Simple</Filter>
    </ClCompile>
    <ClCompile Include="SimpleTextRunLoop.cpp">
      <Filter>TextView\Simple</Filter>
    </ClCompile>
    <ClCompile Include="UniscribeLayout.cpp">
      <Filter>TextView\Uniscribe</Filter>
    </ClCompile>
    <ClCompile Include="UniscribeLayoutData.cpp">
      <Filter>TextView\Uniscribe</Filter>
    </ClCompile>
    <ClCompile Include="UniscribeTextBlock.cpp">
      <Filter>TextView\Uniscribe</Filter>
    </ClCompile>
    <ClCompile Include="UniscribeTextRun.cpp">
      <Filter>TextView\Uniscribe</Filter>
    </ClCompile>
    <ClCompile Include="UniscribeTextRunLoop.cpp">
      <Filter>TextView\Uniscribe</Filter>
    </ClCompile>
    <ClCompile Include="TextLayoutArgs.cpp">
      <Filter>TextView</Filter>
    </ClCompile>
    <ClCompile Include="TextChangeTest.cpp">
      <Filter>Tests</Filter>
    </ClCompile>
    <ClCompile Include="TextStyleRun.cpp">
      <Filter>TextStyle</Filter>
    </ClCompile>
    <ClCompile Include="TextFontRun.cpp">
      <Filter>TextStyle</Filter>
    </ClCompile>
    <ClCompile Include="TextStyleRegistry.cpp">
      <Filter>TextStyle</Filter>
    </ClCompile>
    <ClCompile Include="TextDocumentReader.cpp">
      <Filter>Document</Filter>
    </ClCompile>
    <ClCompile Include="TextStyleReader.cpp">
      <Filter>TextStyle</Filter>
    </ClCompile>
    <ClCompile Include="TextSquiggle.cpp">
      <Filter>TextView</Filter>
    </ClCompile>
    <ClCompile Include="AccessibleTextView.cpp">
      <Filter>TextView</Filter>
    </ClCompile>
    <ClCompile Include="TextMateAnnotator.cpp">
      <Filter>Annotators\Textmate</Filter>
    </ClCompile>
    <ClCompile Include="TextMatePattern.cpp">
      <Filter>Annotators\Textmate</Filter>
    </ClCompile>
    <ClCompile Include="TextMateTokenRun.cpp">
      <Filter>Annotators\Textmate</Filter>
    </ClCompile>
    <ClCompile Include="TextTheme.cpp">
      <Filter>TextStyle</Filter>
    </ClCompile>
    <ClCompile Include="CharBuffer.cpp">
      <Filter>Document</Filter>
    </ClCompile>
    <ClCompile Include="LineBuffer.cpp">
      <Filter>Document</Filter>
    </ClCompile>
    <ClCompile Include="GapArray.cpp">
      <Filter>Basics</Filter>
    </ClCompile>
    <ClCompile Include="CharIter.cpp">
      <Filter>Document</Filter>
    </ClCompile>
    <ClCompile Include="CharRange.cpp">
      <Filter>Document</Filter>
    </ClCompile>
    <ClCompile Include="Document.cpp">
      <Filter>Document</Filter>
    </ClCompile>
    <ClCompile Include="CharChange.cpp">
      <Filter>Document</Filter>
    </ClCompile>
    <ClCompile Include="UndoBuffer.cpp">
      <Filter>Document</Filter>
    </ClCompile>
  </ItemGroup>
  <ItemGroup>
    <ClInclude Include="TextSelection.h">
      <Filter>TextView</Filter>
    </ClInclude>
    <ClInclude Include="TextEdit.h">
      <Filter>TextEdit</Filter>
    </ClInclude>
    <ClInclude Include="TextStyle.h">
      <Filter>TextStyle</Filter>
    </ClInclude>
    <ClInclude Include="VisualPainter.h">
      <Filter>TextView</Filter>
    </ClInclude>
    <ClInclude Include="VisualDocument.h">
      <Filter>TextView</Filter>
    </ClInclude>
    <ClInclude Include="TextFont.h">
      <Filter>TextStyle</Filter>
    </ClInclude>
    <ClInclude Include="SimpleTextBlock.h">
      <Filter>TextView\Simple</Filter>
    </ClInclude>
    <ClInclude Include="SimpleLayout.h">
      <Filter>TextView\Simple</Filter>
    </ClInclude>
    <ClInclude Include="TextBlock.h">
      <Filter>TextView</Filter>
    </ClInclude>
    <ClInclude Include="EmptyTextBlock.h">
      <Filter>TextView</Filter>
    </ClInclude>
    <ClInclude Include="TextView.h">
      <Filter>TextEdit</Filter>
    </ClInclude>
    <ClInclude Include="TextViewMetrics.h">
      <Filter>TextEdit</Filter>
    </ClInclude>
    <ClInclude Include="SimpleLayoutData.h">
      <Filter>TextView\Simple</Filter>
    </ClInclude>
    <ClInclude Include="SimpleTextRun.h">
      <Filter>TextView\Simple</Filter>
    </ClInclude>
    <ClInclude Include="SimpleTextRunLoop.h">
      <Filter>TextView\Simple</Filter>
    </ClInclude>
    <ClInclude Include="UniscribeTextRunLoop.h">
      <Filter>TextView\Uniscribe</Filter>
    </ClInclude>
    <ClInclude Include="UniscribeLayout.h">
      <Filter>TextView\Uniscribe</Filter>
    </ClInclude>
    <ClInclude Include="UniscribeLayoutData.h">
      <Filter>TextView\Uniscribe</Filter>
    </ClInclude>
    <ClInclude Include="UniscribeTextBlock.h">
      <Filter>TextView\Uniscribe</Filter>
    </ClInclude>
    <ClInclude Include="UniscribeTextRun.h">
      <Filter>TextView\Uniscribe</Filter>
    </ClInclude>
    <ClInclude Include="TextLayoutArgs.h">
      <Filter>TextView</Filter>
    </ClInclude>
    <ClInclude Include="TextChangeTest.h">
      <Filter>Tests</Filter>
    </ClInclude>
    <ClInclude Include="TextStyleRun.h">
      <Filter>TextStyle</Filter>
    </ClInclude>
    <ClInclude Include="TextAnnotator.h">
      <Filter>TextStyle</Filter>
    </ClInclude>
    <ClInclude Include="TextFontRun.h">
      <Filter>TextStyle</Filter>
    </ClInclude>
    <ClInclude Include="TextStyleRegistry.h">
      <Filter>TextStyle</Filter>
    </ClInclude>
    <ClInclude Include="TextDocumentReader.h">
      <Filter>Document</Filter>
    </ClInclude>
    <ClInclude Include="TextStyleReader.h">
      <Filter>TextStyle</Filter>
    </ClInclude>
    <ClInclude Include="TextSquiggle.h">
      <Filter>TextView</Filter>
    </ClInclude>
    <ClInclude Include="AccessibleTextView.h">
      <Filter>TextView</Filter>
    </ClInclude>
    <ClInclude Include="rapidxml\rapidxml_iterators.hpp">
      <Filter>External\rapidxml</Filter>
    </ClInclude>
    <ClInclude Include="rapidxml\rapidxml_print.hpp">
      <Filter>External\rapidxml</Filter>
    </ClInclude>
    <ClInclude Include="rapidxml\rapidxml_utils.hpp">
      <Filter>External\rapidxml</Filter>
    </ClInclude>
    <ClInclude Include="rapidxml\rapidxml.hpp">
      <Filter>External\rapidxml</Filter>
    </ClInclude>
    <ClInclude Include="TextMateAnnotator.h">
      <Filter>Annotators\Textmate</Filter>
    </ClInclude>
    <ClInclude Include="TextMatePattern.h">
      <Filter>Annotators\Textmate</Filter>
    </ClInclude>
    <ClInclude Include="TextMateTokenRun.h">
      <Filter>Annotators\Textmate</Filter>
    </ClInclude>
    <ClInclude Include="TextTheme.h">
      <Filter>TextStyle</Filter>
    </ClInclude>
    <ClInclude Include="CharBuffer.h">
      <Filter>Document</Filter>
    </ClInclude>
    <ClInclude Include="LineBuffer.h">
      <Filter>Document</Filter>
    </ClInclude>
    <ClInclude Include="ArrayRef.h">
      <Filter>Basics</Filter>
    </ClInclude>
    <ClInclude Include="ThrowHRESULT.h">
      <Filter>Basics</Filter>
    </ClInclude>
    <ClInclude Include="GapArray.h">
      <Filter>Basics</Filter>
    </ClInclude>
    <ClInclude Include="CharIter.h">
      <Filter>Document</Filter>
    </ClInclude>
    <ClInclude Include="CharRange.h">
      <Filter>Document</Filter>
    </ClInclude>
    <ClInclude Include="Document.h">
      <Filter>Document</Filter>
    </ClInclude>
    <ClInclude Include="CharChange.h">
      <Filter>Document</Filter>
    </ClInclude>
    <ClInclude Include="UndoBuffer.h">
      <Filter>Document</Filter>
    </ClInclude>
  </ItemGroup>
</Project>